
Microsoft Visual Studio Solution File, Format Version 12.00
# Visual Studio Version 16
VisualStudioVersion = 16.0.31911.196
MinimumVisualStudioVersion = 10.0.40219.1
Project("{FAE04EC0-301F-11D3-BF4B-00C04F79EFBC}") = "BasicPlayer", "BasicPlayer\BasicPlayer.csproj", "{DE1D73ED-9D8C-4FD1-8D84-6C2BF1D65459}"
EndProject
Global
	GlobalSection(SolutionConfigurationPlatforms) = preSolution
		Debug|iPhone = Debug|iPhone
		Debug|iPhoneSimulator = Debug|iPhoneSimulator
		Release|iPhone = Release|iPhone
		Release|iPhoneSimulator = Release|iPhoneSimulator
	EndGlobalSection
	GlobalSection(ProjectConfigurationPlatforms) = postSolution
		{DE1D73ED-9D8C-4FD1-8D84-6C2BF1D65459}.Debug|iPhone.ActiveCfg = Debug|iPhone
		{DE1D73ED-9D8C-4FD1-8D84-6C2BF1D65459}.Debug|iPhone.Build.0 = Debug|iPhone
		{DE1D73ED-9D8C-4FD1-8D84-6C2BF1D65459}.Debug|iPhone.Deploy.0 = Debug|iPhone
		{DE1D73ED-9D8C-4FD1-8D84-6C2BF1D65459}.Debug|iPhoneSimulator.ActiveCfg = Debug|iPhoneSimulator
		{DE1D73ED-9D8C-4FD1-8D84-6C2BF1D65459}.Debug|iPhoneSimulator.Build.0 = Debug|iPhoneSimulator
		{DE1D73ED-9D8C-4FD1-8D84-6C2BF1D65459}.Debug|iPhoneSimulator.Deploy.0 = Debug|iPhoneSimulator
		{DE1D73ED-9D8C-4FD1-8D84-6C2BF1D65459}.Release|iPhone.ActiveCfg = Release|iPhone
		{DE1D73ED-9D8C-4FD1-8D84-6C2BF1D65459}.Release|iPhone.Build.0 = Release|iPhone
		{DE1D73ED-9D8C-4FD1-8D84-6C2BF1D65459}.Release|iPhone.Deploy.0 = Release|iPhone
		{DE1D73ED-9D8C-4FD1-8D84-6C2BF1D65459}.Release|iPhoneSimulator.ActiveCfg = Release|iPhoneSimulator
		{DE1D73ED-9D8C-4FD1-8D84-6C2BF1D65459}.Release|iPhoneSimulator.Build.0 = Release|iPhoneSimulator
		{DE1D73ED-9D8C-4FD1-8D84-6C2BF1D65459}.Release|iPhoneSimulator.Deploy.0 = Release|iPhoneSimulator
	EndGlobalSection
	GlobalSection(SolutionProperties) = preSolution
		HideSolutionNode = FALSE
	EndGlobalSection
	GlobalSection(ExtensibilityGlobals) = postSolution
		SolutionGuid = {E614B567-5B88-4745-9EA7-4C49B6226BB2}
	EndGlobalSection
EndGlobal
